
Microsoft Visual Studio Solution File, Format Version 12.00
# Visual Studio Version 16
VisualStudioVersion = 16.0.29613.14
MinimumVisualStudioVersion = 10.0.40219.1
Project("{9A19103F-16F7-4668-BE54-9A1E7A4F7556}") = "WebApplication1", "WebApplication1\WebApplication1.csproj", "{9ECAED4E-1357-4547-8005-F63D4EFDA11B}"
EndProject
Project("{FAE04EC0-301F-11D3-BF4B-00C04F79EFBC}") = "DummyService", "DummyService\DummyService.csproj", "{92C78BB4-CC6C-41B8-9AE7-73B0575AEF4D}"
EndProject
Global
	GlobalSection(SolutionConfigurationPlatforms) = preSolution
		Debug|Any CPU = Debug|Any CPU
		Release|Any CPU = Release|Any CPU
	EndGlobalSection
	GlobalSection(ProjectConfigurationPlatforms) = postSolution
		{9ECAED4E-1357-4547-8005-F63D4EFDA11B}.Debug|Any CPU.ActiveCfg = Debug|Any CPU
		{9ECAED4E-1357-4547-8005-F63D4EFDA11B}.Debug|Any CPU.Build.0 = Debug|Any CPU
		{9ECAED4E-1357-4547-8005-F63D4EFDA11B}.Release|Any CPU.ActiveCfg = Release|Any CPU
		{9ECAED4E-1357-4547-8005-F63D4EFDA11B}.Release|Any CPU.Build.0 = Release|Any CPU
		{92C78BB4-CC6C-41B8-9AE7-73B0575AEF4D}.Debug|Any CPU.ActiveCfg = Debug|Any CPU
		{92C78BB4-CC6C-41B8-9AE7-73B0575AEF4D}.Debug|Any CPU.Build.0 = Debug|Any CPU
		{92C78BB4-CC6C-41B8-9AE7-73B0575AEF4D}.Release|Any CPU.ActiveCfg = Release|Any CPU
		{92C78BB4-CC6C-41B8-9AE7-73B0575AEF4D}.Release|Any CPU.Build.0 = Release|Any CPU
	EndGlobalSection
	GlobalSection(SolutionProperties) = preSolution
		HideSolutionNode = FALSE
	EndGlobalSection
	GlobalSection(ExtensibilityGlobals) = postSolution
		SolutionGuid = {7FAD1925-58DC-47C4-A71F-CAA37B39E0CF}
	EndGlobalSection
EndGlobal
